
Microsoft Visual Studio Solution File, Format Version 12.00
# Visual Studio 15
VisualStudioVersion = 15.0.27130.2036
MinimumVisualStudioVersion = 10.0.40219.1
Project("{FAE04EC0-301F-11D3-BF4B-00C04F79EFBC}") = "MeetingForum", "MeetingForum\MeetingForum.csproj", "{CC43E2CC-3C4D-430F-A7D4-9C73C8EF8C01}"
EndProject
Global
	GlobalSection(SolutionConfigurationPlatforms) = preSolution
		Debug|Any CPU = Debug|Any CPU
		Release|Any CPU = Release|Any CPU
	EndGlobalSection
	GlobalSection(ProjectConfigurationPlatforms) = postSolution
		{CC43E2CC-3C4D-430F-A7D4-9C73C8EF8C01}.Debug|Any CPU.ActiveCfg = Debug|Any CPU
		{CC43E2CC-3C4D-430F-A7D4-9C73C8EF8C01}.Debug|Any CPU.Build.0 = Debug|Any CPU
		{CC43E2CC-3C4D-430F-A7D4-9C73C8EF8C01}.Release|Any CPU.ActiveCfg = Release|Any CPU
		{CC43E2CC-3C4D-430F-A7D4-9C73C8EF8C01}.Release|Any CPU.Build.0 = Release|Any CPU
	EndGlobalSection
	GlobalSection(SolutionProperties) = preSolution
		HideSolutionNode = FALSE
	EndGlobalSection
	GlobalSection(ExtensibilityGlobals) = postSolution
		SolutionGuid = {E62D9860-B5B8-44A4-A8D0-4F70FF52B884}
	EndGlobalSection
EndGlobal
